// !$*UTF8*$!
{
	archiveVersion = 1;
	classes = {
	};
	objectVersion = 51;
	objects = {

/* Begin PBXBuildFile section */
		0E03DEC7244E9D550005F267 /* XuatLoHangViewController.swift in Sources */ = {isa = PBXBuildFile; fileRef = 0E03DEC6244E9D550005F267 /* XuatLoHangViewController.swift */; };
		0E03DEC9244EBFDC0005F267 /* XuatLoHangTableViewCell.swift in Sources */ = {isa = PBXBuildFile; fileRef = 0E03DEC8244EBFDC0005F267 /* XuatLoHangTableViewCell.swift */; };
		0E08131A2443FA1600D08231 /* ThongTinPhieuNhapTableViewCell.swift in Sources */ = {isa = PBXBuildFile; fileRef = 0E0813192443FA1600D08231 /* ThongTinPhieuNhapTableViewCell.swift */; };
		0E13C922244D7F230067A33E /* PhieuXuatTamTableViewCell.swift in Sources */ = {isa = PBXBuildFile; fileRef = 0E13C921244D7F230067A33E /* PhieuXuatTamTableViewCell.swift */; };
		0E13C926244E02310067A33E /* TTPhieuXuatViewController.swift in Sources */ = {isa = PBXBuildFile; fileRef = 0E13C925244E02310067A33E /* TTPhieuXuatViewController.swift */; };
		0E13C928244E09A30067A33E /* TTPhieuXuatTamTableViewCell.swift in Sources */ = {isa = PBXBuildFile; fileRef = 0E13C927244E09A30067A33E /* TTPhieuXuatTamTableViewCell.swift */; };
		0E1AB4B62440677E00EA2C71 /* ThongTinPhieuNhapTamViewController.swift in Sources */ = {isa = PBXBuildFile; fileRef = 0E1AB4B52440677E00EA2C71 /* ThongTinPhieuNhapTamViewController.swift */; };
		0E5042C2244FF51B0013F17A /* DanhSachLoHangViewController.swift in Sources */ = {isa = PBXBuildFile; fileRef = 0E5042C1244FF51B0013F17A /* DanhSachLoHangViewController.swift */; };
		0E5042C4244FF5AE0013F17A /* DanhSachLoHangTableViewCell.swift in Sources */ = {isa = PBXBuildFile; fileRef = 0E5042C3244FF5AE0013F17A /* DanhSachLoHangTableViewCell.swift */; };
		0E505F37243B25C3004DE30F /* LoginViewController.swift in Sources */ = {isa = PBXBuildFile; fileRef = 0E505F36243B25C3004DE30F /* LoginViewController.swift */; };
		0E57646E244BECC400A65DB8 /* ChonNgayViewController.swift in Sources */ = {isa = PBXBuildFile; fileRef = 0E57646D244BECC400A65DB8 /* ChonNgayViewController.swift */; };
		0EB1ED37245199370027D721 /* DSLoHangXuatViewController.swift in Sources */ = {isa = PBXBuildFile; fileRef = 0EB1ED36245199370027D721 /* DSLoHangXuatViewController.swift */; };
		0EB1ED3924519EC00027D721 /* DSLoHangXuatTableViewCell.swift in Sources */ = {isa = PBXBuildFile; fileRef = 0EB1ED3824519EC00027D721 /* DSLoHangXuatTableViewCell.swift */; };
		0EB1ED3B2451A57C0027D721 /* Entities.swift in Sources */ = {isa = PBXBuildFile; fileRef = 0EB1ED3A2451A57C0027D721 /* Entities.swift */; };
		0EC3E09F246BC28100433FF0 /* Combine.framework in Frameworks */ = {isa = PBXBuildFile; fileRef = 0EC3E09E246BC28100433FF0 /* Combine.framework */; settings = {ATTRIBUTES = (Weak, ); }; };
		0EC3E0A1246BC2D600433FF0 /* SwiftUI.framework in Frameworks */ = {isa = PBXBuildFile; fileRef = 0EC3E0A0246BC2D500433FF0 /* SwiftUI.framework */; settings = {ATTRIBUTES = (Weak, ); }; };
		0ECC033A243C44BE00AC3D33 /* IndexViewController.swift in Sources */ = {isa = PBXBuildFile; fileRef = 0ECC0339243C44BE00AC3D33 /* IndexViewController.swift */; };
		0ECC033C243C56C600AC3D33 /* PhieuNhapTamViewController.swift in Sources */ = {isa = PBXBuildFile; fileRef = 0ECC033B243C56C600AC3D33 /* PhieuNhapTamViewController.swift */; };
		0ECC033E243C56DA00AC3D33 /* PhieuXuatTamViewController.swift in Sources */ = {isa = PBXBuildFile; fileRef = 0ECC033D243C56DA00AC3D33 /* PhieuXuatTamViewController.swift */; };
		0ECC0340243C5F3C00AC3D33 /* PhieuNhapTamTableViewCell.swift in Sources */ = {isa = PBXBuildFile; fileRef = 0ECC033F243C5F3C00AC3D33 /* PhieuNhapTamTableViewCell.swift */; };
		0EE09A4E246507E200837F5E /* VariablesStatic.swift in Sources */ = {isa = PBXBuildFile; fileRef = 0EE09A4D246507E200837F5E /* VariablesStatic.swift */; };
		0EE106E02446DA0B0028234D /* Param.swift in Sources */ = {isa = PBXBuildFile; fileRef = 0EE106DF2446DA0B0028234D /* Param.swift */; };
		0EF0D4E124580D0E00691AEF /* ThemLoHangViewController.swift in Sources */ = {isa = PBXBuildFile; fileRef = 0EF0D4E024580D0E00691AEF /* ThemLoHangViewController.swift */; };
		0EFF07CB243B08DF0026397D /* AppDelegate.swift in Sources */ = {isa = PBXBuildFile; fileRef = 0EFF07CA243B08DF0026397D /* AppDelegate.swift */; };
		0EFF07CD243B08DF0026397D /* SceneDelegate.swift in Sources */ = {isa = PBXBuildFile; fileRef = 0EFF07CC243B08DF0026397D /* SceneDelegate.swift */; };
		0EFF07CF243B08DF0026397D /* ViewController.swift in Sources */ = {isa = PBXBuildFile; fileRef = 0EFF07CE243B08DF0026397D /* ViewController.swift */; };
		0EFF07D2243B08DF0026397D /* Main.storyboard in Resources */ = {isa = PBXBuildFile; fileRef = 0EFF07D0243B08DF0026397D /* Main.storyboard */; };
		0EFF07D4243B08E00026397D /* Assets.xcassets in Resources */ = {isa = PBXBuildFile; fileRef = 0EFF07D3243B08E00026397D /* Assets.xcassets */; };
		0EFF07D7243B08E00026397D /* LaunchScreen.storyboard in Resources */ = {isa = PBXBuildFile; fileRef = 0EFF07D5243B08E00026397D /* LaunchScreen.storyboard */; };
		0EFF820EC963B7A01D8C85B2 /* Pods_QuanLyVatTu.framework in Frameworks */ = {isa = PBXBuildFile; fileRef = 9A96D8831261539C8943836F /* Pods_QuanLyVatTu.framework */; };
/* End PBXBuildFile section */

/* Begin PBXFileReference section */
		07C22A4C0586ED7977720E2F /* Pods-QuanLyVatTu.release.xcconfig */ = {isa = PBXFileReference; includeInIndex = 1; lastKnownFileType = text.xcconfig; name = "Pods-QuanLyVatTu.release.xcconfig"; path = "Target Support Files/Pods-QuanLyVatTu/Pods-QuanLyVatTu.release.xcconfig"; sourceTree = "<group>"; };
		0E03DEC6244E9D550005F267 /* XuatLoHangViewController.swift */ = {isa = PBXFileReference; lastKnownFileType = sourcecode.swift; path = XuatLoHangViewController.swift; sourceTree = "<group>"; };
		0E03DEC8244EBFDC0005F267 /* XuatLoHangTableViewCell.swift */ = {isa = PBXFileReference; lastKnownFileType = sourcecode.swift; path = XuatLoHangTableViewCell.swift; sourceTree = "<group>"; };
		0E0813192443FA1600D08231 /* ThongTinPhieuNhapTableViewCell.swift */ = {isa = PBXFileReference; lastKnownFileType = sourcecode.swift; path = ThongTinPhieuNhapTableViewCell.swift; sourceTree = "<group>"; };
		0E13C921244D7F230067A33E /* PhieuXuatTamTableViewCell.swift */ = {isa = PBXFileReference; lastKnownFileType = sourcecode.swift; path = PhieuXuatTamTableViewCell.swift; sourceTree = "<group>"; };
		0E13C925244E02310067A33E /* TTPhieuXuatViewController.swift */ = {isa = PBXFileReference; lastKnownFileType = sourcecode.swift; path = TTPhieuXuatViewController.swift; sourceTree = "<group>"; };
		0E13C927244E09A30067A33E /* TTPhieuXuatTamTableViewCell.swift */ = {isa = PBXFileReference; lastKnownFileType = sourcecode.swift; path = TTPhieuXuatTamTableViewCell.swift; sourceTree = "<group>"; };
		0E1AB4B52440677E00EA2C71 /* ThongTinPhieuNhapTamViewController.swift */ = {isa = PBXFileReference; lastKnownFileType = sourcecode.swift; path = ThongTinPhieuNhapTamViewController.swift; sourceTree = "<group>"; };
		0E5042C1244FF51B0013F17A /* DanhSachLoHangViewController.swift */ = {isa = PBXFileReference; lastKnownFileType = sourcecode.swift; path = DanhSachLoHangViewController.swift; sourceTree = "<group>"; };
		0E5042C3244FF5AE0013F17A /* DanhSachLoHangTableViewCell.swift */ = {isa = PBXFileReference; lastKnownFileType = sourcecode.swift; path = DanhSachLoHangTableViewCell.swift; sourceTree = "<group>"; };
		0E505F36243B25C3004DE30F /* LoginViewController.swift */ = {isa = PBXFileReference; lastKnownFileType = sourcecode.swift; path = LoginViewController.swift; sourceTree = "<group>"; };
		0E57646D244BECC400A65DB8 /* ChonNgayViewController.swift */ = {isa = PBXFileReference; lastKnownFileType = sourcecode.swift; path = ChonNgayViewController.swift; sourceTree = "<group>"; };
		0EB1ED36245199370027D721 /* DSLoHangXuatViewController.swift */ = {isa = PBXFileReference; lastKnownFileType = sourcecode.swift; path = DSLoHangXuatViewController.swift; sourceTree = "<group>"; };
		0EB1ED3824519EC00027D721 /* DSLoHangXuatTableViewCell.swift */ = {isa = PBXFileReference; lastKnownFileType = sourcecode.swift; path = DSLoHangXuatTableViewCell.swift; sourceTree = "<group>"; };
		0EB1ED3A2451A57C0027D721 /* Entities.swift */ = {isa = PBXFileReference; lastKnownFileType = sourcecode.swift; path = Entities.swift; sourceTree = "<group>"; };
		0EC3E09E246BC28100433FF0 /* Combine.framework */ = {isa = PBXFileReference; lastKnownFileType = wrapper.framework; name = Combine.framework; path = System/Library/Frameworks/Combine.framework; sourceTree = SDKROOT; };
		0EC3E0A0246BC2D500433FF0 /* SwiftUI.framework */ = {isa = PBXFileReference; lastKnownFileType = wrapper.framework; name = SwiftUI.framework; path = System/Library/Frameworks/SwiftUI.framework; sourceTree = SDKROOT; };
		0ECC0339243C44BE00AC3D33 /* IndexViewController.swift */ = {isa = PBXFileReference; lastKnownFileType = sourcecode.swift; path = IndexViewController.swift; sourceTree = "<group>"; };
		0ECC033B243C56C600AC3D33 /* PhieuNhapTamViewController.swift */ = {isa = PBXFileReference; lastKnownFileType = sourcecode.swift; path = PhieuNhapTamViewController.swift; sourceTree = "<group>"; };
		0ECC033D243C56DA00AC3D33 /* PhieuXuatTamViewController.swift */ = {isa = PBXFileReference; lastKnownFileType = sourcecode.swift; path = PhieuXuatTamViewController.swift; sourceTree = "<group>"; };
		0ECC033F243C5F3C00AC3D33 /* PhieuNhapTamTableViewCell.swift */ = {isa = PBXFileReference; lastKnownFileType = sourcecode.swift; path = PhieuNhapTamTableViewCell.swift; sourceTree = "<group>"; };
		0EE09A4D246507E200837F5E /* VariablesStatic.swift */ = {isa = PBXFileReference; lastKnownFileType = sourcecode.swift; path = VariablesStatic.swift; sourceTree = "<group>"; };
		0EE106DF2446DA0B0028234D /* Param.swift */ = {isa = PBXFileReference; lastKnownFileType = sourcecode.swift; path = Param.swift; sourceTree = "<group>"; };
		0EF0D4E024580D0E00691AEF /* ThemLoHangViewController.swift */ = {isa = PBXFileReference; lastKnownFileType = sourcecode.swift; path = ThemLoHangViewController.swift; sourceTree = "<group>"; };
		0EFF07C7243B08DF0026397D /* QuanLyVatTu.app */ = {isa = PBXFileReference; explicitFileType = wrapper.application; includeInIndex = 0; path = QuanLyVatTu.app; sourceTree = BUILT_PRODUCTS_DIR; };
		0EFF07CA243B08DF0026397D /* AppDelegate.swift */ = {isa = PBXFileReference; lastKnownFileType = sourcecode.swift; path = AppDelegate.swift; sourceTree = "<group>"; };
		0EFF07CC243B08DF0026397D /* SceneDelegate.swift */ = {isa = PBXFileReference; lastKnownFileType = sourcecode.swift; path = SceneDelegate.swift; sourceTree = "<group>"; };
		0EFF07CE243B08DF0026397D /* ViewController.swift */ = {isa = PBXFileReference; lastKnownFileType = sourcecode.swift; path = ViewController.swift; sourceTree = "<group>"; };
		0EFF07D1243B08DF0026397D /* Base */ = {isa = PBXFileReference; lastKnownFileType = file.storyboard; name = Base; path = Base.lproj/Main.storyboard; sourceTree = "<group>"; };
		0EFF07D3243B08E00026397D /* Assets.xcassets */ = {isa = PBXFileReference; lastKnownFileType = folder.assetcatalog; path = Assets.xcassets; sourceTree = "<group>"; };
		0EFF07D6243B08E00026397D /* Base */ = {isa = PBXFileReference; lastKnownFileType = file.storyboard; name = Base; path = Base.lproj/LaunchScreen.storyboard; sourceTree = "<group>"; };
		0EFF07D8243B08E00026397D /* Info.plist */ = {isa = PBXFileReference; lastKnownFileType = text.plist.xml; path = Info.plist; sourceTree = "<group>"; };
		9A96D8831261539C8943836F /* Pods_QuanLyVatTu.framework */ = {isa = PBXFileReference; explicitFileType = wrapper.framework; includeInIndex = 0; path = Pods_QuanLyVatTu.framework; sourceTree = BUILT_PRODUCTS_DIR; };
		F30867A279271A73C1B60C75 /* Pods-QuanLyVatTu.debug.xcconfig */ = {isa = PBXFileReference; includeInIndex = 1; lastKnownFileType = text.xcconfig; name = "Pods-QuanLyVatTu.debug.xcconfig"; path = "Target Support Files/Pods-QuanLyVatTu/Pods-QuanLyVatTu.debug.xcconfig"; sourceTree = "<group>"; };
/* End PBXFileReference section */

/* Begin PBXFrameworksBuildPhase section */
		0EFF07C4243B08DF0026397D /* Frameworks */ = {
			isa = PBXFrameworksBuildPhase;
			buildActionMask = 2147483647;
			files = (
				0EC3E0A1246BC2D600433FF0 /* SwiftUI.framework in Frameworks */,
				0EC3E09F246BC28100433FF0 /* Combine.framework in Frameworks */,
				0EFF820EC963B7A01D8C85B2 /* Pods_QuanLyVatTu.framework in Frameworks */,
			);
			runOnlyForDeploymentPostprocessing = 0;
		};
/* End PBXFrameworksBuildPhase section */

/* Begin PBXGroup section */
		0E51F5DC2452D06200907A03 /* PhieuNhapTam */ = {
			isa = PBXGroup;
			children = (
				0ECC033B243C56C600AC3D33 /* PhieuNhapTamViewController.swift */,
				0ECC033F243C5F3C00AC3D33 /* PhieuNhapTamTableViewCell.swift */,
				0E1AB4B52440677E00EA2C71 /* ThongTinPhieuNhapTamViewController.swift */,
				0E0813192443FA1600D08231 /* ThongTinPhieuNhapTableViewCell.swift */,
				0EF0D4E024580D0E00691AEF /* ThemLoHangViewController.swift */,
				0E5042C1244FF51B0013F17A /* DanhSachLoHangViewController.swift */,
				0E5042C3244FF5AE0013F17A /* DanhSachLoHangTableViewCell.swift */,
				0E57646D244BECC400A65DB8 /* ChonNgayViewController.swift */,
			);
			name = PhieuNhapTam;
			sourceTree = "<group>";
		};
		0E51F5DD2452D0B200907A03 /* PhieuXuatTam */ = {
			isa = PBXGroup;
			children = (
				0ECC033D243C56DA00AC3D33 /* PhieuXuatTamViewController.swift */,
				0E13C921244D7F230067A33E /* PhieuXuatTamTableViewCell.swift */,
				0E13C925244E02310067A33E /* TTPhieuXuatViewController.swift */,
				0E13C927244E09A30067A33E /* TTPhieuXuatTamTableViewCell.swift */,
				0EB1ED36245199370027D721 /* DSLoHangXuatViewController.swift */,
				0EB1ED3824519EC00027D721 /* DSLoHangXuatTableViewCell.swift */,
				0E03DEC6244E9D550005F267 /* XuatLoHangViewController.swift */,
				0E03DEC8244EBFDC0005F267 /* XuatLoHangTableViewCell.swift */,
			);
			name = PhieuXuatTam;
			sourceTree = "<group>";
		};
		0EFF07BE243B08DF0026397D = {
			isa = PBXGroup;
			children = (
				0E51F5DD2452D0B200907A03 /* PhieuXuatTam */,
				0E51F5DC2452D06200907A03 /* PhieuNhapTam */,
				0EFF07C9243B08DF0026397D /* QuanLyVatTu */,
				0EFF07C8243B08DF0026397D /* Products */,
				BA62AAE296E8DC1EDAD87229 /* Pods */,
				3FEB489889F0D4E94043A27F /* Frameworks */,
			);
			sourceTree = "<group>";
		};
		0EFF07C8243B08DF0026397D /* Products */ = {
			isa = PBXGroup;
			children = (
				0EFF07C7243B08DF0026397D /* QuanLyVatTu.app */,
			);
			name = Products;
			sourceTree = "<group>";
		};
		0EFF07C9243B08DF0026397D /* QuanLyVatTu */ = {
			isa = PBXGroup;
			children = (
				0EFF07CA243B08DF0026397D /* AppDelegate.swift */,
				0EFF07CC243B08DF0026397D /* SceneDelegate.swift */,
				0EFF07CE243B08DF0026397D /* ViewController.swift */,
				0E505F36243B25C3004DE30F /* LoginViewController.swift */,
				0EB1ED3A2451A57C0027D721 /* Entities.swift */,
				0EE106DF2446DA0B0028234D /* Param.swift */,
				0EFF07D0243B08DF0026397D /* Main.storyboard */,
				0EFF07D3243B08E00026397D /* Assets.xcassets */,
				0EFF07D5243B08E00026397D /* LaunchScreen.storyboard */,
				0EFF07D8243B08E00026397D /* Info.plist */,
				0ECC0339243C44BE00AC3D33 /* IndexViewController.swift */,
				0EE09A4D246507E200837F5E /* VariablesStatic.swift */,
			);
			path = QuanLyVatTu;
			sourceTree = "<group>";
		};
		3FEB489889F0D4E94043A27F /* Frameworks */ = {
			isa = PBXGroup;
			children = (
				0EC3E0A0246BC2D500433FF0 /* SwiftUI.framework */,
				0EC3E09E246BC28100433FF0 /* Combine.framework */,
				9A96D8831261539C8943836F /* Pods_QuanLyVatTu.framework */,
			);
			name = Frameworks;
			sourceTree = "<group>";
		};
		BA62AAE296E8DC1EDAD87229 /* Pods */ = {
			isa = PBXGroup;
			children = (
				F30867A279271A73C1B60C75 /* Pods-QuanLyVatTu.debug.xcconfig */,
				07C22A4C0586ED7977720E2F /* Pods-QuanLyVatTu.release.xcconfig */,
			);
			path = Pods;
			sourceTree = "<group>";
		};
/* End PBXGroup section */

/* Begin PBXNativeTarget section */
		0EFF07C6243B08DF0026397D /* QuanLyVatTu */ = {
			isa = PBXNativeTarget;
			buildConfigurationList = 0EFF07DB243B08E00026397D /* Build configuration list for PBXNativeTarget "QuanLyVatTu" */;
			buildPhases = (
				B3281D6444359D5C5D8DE3CA /* [CP] Check Pods Manifest.lock */,
				0EFF07C3243B08DF0026397D /* Sources */,
				0EFF07C4243B08DF0026397D /* Frameworks */,
				0EFF07C5243B08DF0026397D /* Resources */,
				F04DBFD72E198A7A27DD91FE /* [CP] Embed Pods Frameworks */,
			);
			buildRules = (
			);
			dependencies = (
			);
			name = QuanLyVatTu;
			packageProductDependencies = (
			);
			productName = QuanLyVatTu;
			productReference = 0EFF07C7243B08DF0026397D /* QuanLyVatTu.app */;
			productType = "com.apple.product-type.application";
		};
/* End PBXNativeTarget section */

/* Begin PBXProject section */
		0EFF07BF243B08DF0026397D /* Project object */ = {
			isa = PBXProject;
			attributes = {
				LastSwiftUpdateCheck = 1130;
				LastUpgradeCheck = 1130;
				ORGANIZATIONNAME = "Macintosh HD";
				TargetAttributes = {
					0EFF07C6243B08DF0026397D = {
						CreatedOnToolsVersion = 11.3.1;
					};
				};
			};
			buildConfigurationList = 0EFF07C2243B08DF0026397D /* Build configuration list for PBXProject "QuanLyVatTu" */;
			compatibilityVersion = "Xcode 9.3";
			developmentRegion = en;
			hasScannedForEncodings = 0;
			knownRegions = (
				en,
				Base,
			);
			mainGroup = 0EFF07BE243B08DF0026397D;
			packageReferences = (
			);
			productRefGroup = 0EFF07C8243B08DF0026397D /* Products */;
			projectDirPath = "";
			projectRoot = "";
			targets = (
				0EFF07C6243B08DF0026397D /* QuanLyVatTu */,
			);
		};
/* End PBXProject section */

/* Begin PBXResourcesBuildPhase section */
		0EFF07C5243B08DF0026397D /* Resources */ = {
			isa = PBXResourcesBuildPhase;
			buildActionMask = 2147483647;
			files = (
				0EFF07D7243B08E00026397D /* LaunchScreen.storyboard in Resources */,
				0EFF07D4243B08E00026397D /* Assets.xcassets in Resources */,
				0EFF07D2243B08DF0026397D /* Main.storyboard in Resources */,
			);
			runOnlyForDeploymentPostprocessing = 0;
		};
/* End PBXResourcesBuildPhase section */

/* Begin PBXShellScriptBuildPhase section */
		B3281D6444359D5C5D8DE3CA /* [CP] Check Pods Manifest.lock */ = {
			isa = PBXShellScriptBuildPhase;
			buildActionMask = 2147483647;
			files = (
			);
			inputFileListPaths = (
			);
			inputPaths = (
				"${PODS_PODFILE_DIR_PATH}/Podfile.lock",
				"${PODS_ROOT}/Manifest.lock",
			);
			name = "[CP] Check Pods Manifest.lock";
			outputFileListPaths = (
			);
			outputPaths = (
				"$(DERIVED_FILE_DIR)/Pods-QuanLyVatTu-checkManifestLockResult.txt",
			);
			runOnlyForDeploymentPostprocessing = 0;
			shellPath = /bin/sh;
			shellScript = "diff \"${PODS_PODFILE_DIR_PATH}/Podfile.lock\" \"${PODS_ROOT}/Manifest.lock\" > /dev/null\nif [ $? != 0 ] ; then\n    # print error to STDERR\n    echo \"error: The sandbox is not in sync with the Podfile.lock. Run 'pod install' or update your CocoaPods installation.\" >&2\n    exit 1\nfi\n# This output is used by Xcode 'outputs' to avoid re-running this script phase.\necho \"SUCCESS\" > \"${SCRIPT_OUTPUT_FILE_0}\"\n";
			showEnvVarsInLog = 0;
		};
		F04DBFD72E198A7A27DD91FE /* [CP] Embed Pods Frameworks */ = {
			isa = PBXShellScriptBuildPhase;
			buildActionMask = 2147483647;
			files = (
			);
			inputFileListPaths = (
				"${PODS_ROOT}/Target Support Files/Pods-QuanLyVatTu/Pods-QuanLyVatTu-frameworks-${CONFIGURATION}-input-files.xcfilelist",
			);
			name = "[CP] Embed Pods Frameworks";
			outputFileListPaths = (
				"${PODS_ROOT}/Target Support Files/Pods-QuanLyVatTu/Pods-QuanLyVatTu-frameworks-${CONFIGURATION}-output-files.xcfilelist",
			);
			runOnlyForDeploymentPostprocessing = 0;
			shellPath = /bin/sh;
			shellScript = "\"${PODS_ROOT}/Target Support Files/Pods-QuanLyVatTu/Pods-QuanLyVatTu-frameworks.sh\"\n";
			showEnvVarsInLog = 0;
		};
/* End PBXShellScriptBuildPhase section */

/* Begin PBXSourcesBuildPhase section */
		0EFF07C3243B08DF0026397D /* Sources */ = {
			isa = PBXSourcesBuildPhase;
			buildActionMask = 2147483647;
			files = (
				0E5042C2244FF51B0013F17A /* DanhSachLoHangViewController.swift in Sources */,
				0E03DEC9244EBFDC0005F267 /* XuatLoHangTableViewCell.swift in Sources */,
				0EFF07CF243B08DF0026397D /* ViewController.swift in Sources */,
				0E13C928244E09A30067A33E /* TTPhieuXuatTamTableViewCell.swift in Sources */,
				0ECC0340243C5F3C00AC3D33 /* PhieuNhapTamTableViewCell.swift in Sources */,
				0E5042C4244FF5AE0013F17A /* DanhSachLoHangTableViewCell.swift in Sources */,
				0EFF07CB243B08DF0026397D /* AppDelegate.swift in Sources */,
				0E13C926244E02310067A33E /* TTPhieuXuatViewController.swift in Sources */,
				0E505F37243B25C3004DE30F /* LoginViewController.swift in Sources */,
				0E03DEC7244E9D550005F267 /* XuatLoHangViewController.swift in Sources */,
				0EB1ED3B2451A57C0027D721 /* Entities.swift in Sources */,
				0EB1ED3924519EC00027D721 /* DSLoHangXuatTableViewCell.swift in Sources */,
				0E57646E244BECC400A65DB8 /* ChonNgayViewController.swift in Sources */,
				0E1AB4B62440677E00EA2C71 /* ThongTinPhieuNhapTamViewController.swift in Sources */,
				0EE106E02446DA0B0028234D /* Param.swift in Sources */,
				0E13C922244D7F230067A33E /* PhieuXuatTamTableViewCell.swift in Sources */,
				0EE09A4E246507E200837F5E /* VariablesStatic.swift in Sources */,
				0EB1ED37245199370027D721 /* DSLoHangXuatViewController.swift in Sources */,
				0ECC033E243C56DA00AC3D33 /* PhieuXuatTamViewController.swift in Sources */,
				0ECC033C243C56C600AC3D33 /* PhieuNhapTamViewController.swift in Sources */,
				0ECC033A243C44BE00AC3D33 /* IndexViewController.swift in Sources */,
				0EFF07CD243B08DF0026397D /* SceneDelegate.swift in Sources */,
				0E08131A2443FA1600D08231 /* ThongTinPhieuNhapTableViewCell.swift in Sources */,
				0EF0D4E124580D0E00691AEF /* ThemLoHangViewController.swift in Sources */,
			);
			runOnlyForDeploymentPostprocessing = 0;
		};
/* End PBXSourcesBuildPhase section */

/* Begin PBXVariantGroup section */
		0EFF07D0243B08DF0026397D /* Main.storyboard */ = {
			isa = PBXVariantGroup;
			children = (
				0EFF07D1243B08DF0026397D /* Base */,
			);
			name = Main.storyboard;
			sourceTree = "<group>";
		};
		0EFF07D5243B08E00026397D /* LaunchScreen.storyboard */ = {
			isa = PBXVariantGroup;
			children = (
				0EFF07D6243B08E00026397D /* Base */,
			);
			name = LaunchScreen.storyboard;
			sourceTree = "<group>";
		};
/* End PBXVariantGroup section */

/* Begin XCBuildConfiguration section */
		0EFF07D9243B08E00026397D /* Debug */ = {
			isa = XCBuildConfiguration;
			buildSettings = {
				ALWAYS_SEARCH_USER_PATHS = NO;
				CLANG_ANALYZER_NONNULL = YES;
				CLANG_ANALYZER_NUMBER_OBJECT_CONVERSION = YES_AGGRESSIVE;
				CLANG_CXX_LANGUAGE_STANDARD = "gnu++14";
				CLANG_CXX_LIBRARY = "libc++";
				CLANG_ENABLE_MODULES = YES;
				CLANG_ENABLE_OBJC_ARC = YES;
				CLANG_ENABLE_OBJC_WEAK = YES;
				CLANG_WARN_BLOCK_CAPTURE_AUTORELEASING = YES;
				CLANG_WARN_BOOL_CONVERSION = YES;
				CLANG_WARN_COMMA = YES;
				CLANG_WARN_CONSTANT_CONVERSION = YES;
				CLANG_WARN_DEPRECATED_OBJC_IMPLEMENTATIONS = YES;
				CLANG_WARN_DIRECT_OBJC_ISA_USAGE = YES_ERROR;
				CLANG_WARN_DOCUMENTATION_COMMENTS = YES;
				CLANG_WARN_EMPTY_BODY = YES;
				CLANG_WARN_ENUM_CONVERSION = YES;
				CLANG_WARN_INFINITE_RECURSION = YES;
				CLANG_WARN_INT_CONVERSION = YES;
				CLANG_WARN_NON_LITERAL_NULL_CONVERSION = YES;
				CLANG_WARN_OBJC_IMPLICIT_RETAIN_SELF = YES;
				CLANG_WARN_OBJC_LITERAL_CONVERSION = YES;
				CLANG_WARN_OBJC_ROOT_CLASS = YES_ERROR;
				CLANG_WARN_RANGE_LOOP_ANALYSIS = YES;
				CLANG_WARN_STRICT_PROTOTYPES = YES;
				CLANG_WARN_SUSPICIOUS_MOVE = YES;
				CLANG_WARN_UNGUARDED_AVAILABILITY = YES_AGGRESSIVE;
				CLANG_WARN_UNREACHABLE_CODE = YES;
				CLANG_WARN__DUPLICATE_METHOD_MATCH = YES;
				COPY_PHASE_STRIP = NO;
				DEBUG_INFORMATION_FORMAT = dwarf;
				ENABLE_STRICT_OBJC_MSGSEND = YES;
				ENABLE_TESTABILITY = YES;
				GCC_C_LANGUAGE_STANDARD = gnu11;
				GCC_DYNAMIC_NO_PIC = NO;
				GCC_NO_COMMON_BLOCKS = YES;
				GCC_OPTIMIZATION_LEVEL = 0;
				GCC_PREPROCESSOR_DEFINITIONS = (
					"DEBUG=1",
					"$(inherited)",
				);
				GCC_WARN_64_TO_32_BIT_CONVERSION = YES;
				GCC_WARN_ABOUT_RETURN_TYPE = YES_ERROR;
				GCC_WARN_UNDECLARED_SELECTOR = YES;
				GCC_WARN_UNINITIALIZED_AUTOS = YES_AGGRESSIVE;
				GCC_WARN_UNUSED_FUNCTION = YES;
				GCC_WARN_UNUSED_VARIABLE = YES;
				IPHONEOS_DEPLOYMENT_TARGET = 10.3;
				MTL_ENABLE_DEBUG_INFO = INCLUDE_SOURCE;
				MTL_FAST_MATH = YES;
				ONLY_ACTIVE_ARCH = YES;
				SDKROOT = iphoneos;
				SWIFT_ACTIVE_COMPILATION_CONDITIONS = DEBUG;
				SWIFT_OPTIMIZATION_LEVEL = "-Onone";
			};
			name = Debug;
		};
		0EFF07DA243B08E00026397D /* Release */ = {
			isa = XCBuildConfiguration;
			buildSettings = {
				ALWAYS_SEARCH_USER_PATHS = NO;
				CLANG_ANALYZER_NONNULL = YES;
				CLANG_ANALYZER_NUMBER_OBJECT_CONVERSION = YES_AGGRESSIVE;
				CLANG_CXX_LANGUAGE_STANDARD = "gnu++14";
				CLANG_CXX_LIBRARY = "libc++";
				CLANG_ENABLE_MODULES = YES;
				CLANG_ENABLE_OBJC_ARC = YES;
				CLANG_ENABLE_OBJC_WEAK = YES;
				CLANG_WARN_BLOCK_CAPTURE_AUTORELEASING = YES;
				CLANG_WARN_BOOL_CONVERSION = YES;
				CLANG_WARN_COMMA = YES;
				CLANG_WARN_CONSTANT_CONVERSION = YES;
				CLANG_WARN_DEPRECATED_OBJC_IMPLEMENTATIONS = YES;
				CLANG_WARN_DIRECT_OBJC_ISA_USAGE = YES_ERROR;
				CLANG_WARN_DOCUMENTATION_COMMENTS = YES;
				CLANG_WARN_EMPTY_BODY = YES;
				CLANG_WARN_ENUM_CONVERSION = YES;
				CLANG_WARN_INFINITE_RECURSION = YES;
				CLANG_WARN_INT_CONVERSION = YES;
				CLANG_WARN_NON_LITERAL_NULL_CONVERSION = YES;
				CLANG_WARN_OBJC_IMPLICIT_RETAIN_SELF = YES;
				CLANG_WARN_OBJC_LITERAL_CONVERSION = YES;
				CLANG_WARN_OBJC_ROOT_CLASS = YES_ERROR;
				CLANG_WARN_RANGE_LOOP_ANALYSIS = YES;
				CLANG_WARN_STRICT_PROTOTYPES = YES;
				CLANG_WARN_SUSPICIOUS_MOVE = YES;
				CLANG_WARN_UNGUARDED_AVAILABILITY = YES_AGGRESSIVE;
				CLANG_WARN_UNREACHABLE_CODE = YES;
				CLANG_WARN__DUPLICATE_METHOD_MATCH = YES;
				COPY_PHASE_STRIP = NO;
				DEBUG_INFORMATION_FORMAT = "dwarf-with-dsym";
				ENABLE_NS_ASSERTIONS = NO;
				ENABLE_STRICT_OBJC_MSGSEND = YES;
				GCC_C_LANGUAGE_STANDARD = gnu11;
				GCC_NO_COMMON_BLOCKS = YES;
				GCC_WARN_64_TO_32_BIT_CONVERSION = YES;
				GCC_WARN_ABOUT_RETURN_TYPE = YES_ERROR;
				GCC_WARN_UNDECLARED_SELECTOR = YES;
				GCC_WARN_UNINITIALIZED_AUTOS = YES_AGGRESSIVE;
				GCC_WARN_UNUSED_FUNCTION = YES;
				GCC_WARN_UNUSED_VARIABLE = YES;
				IPHONEOS_DEPLOYMENT_TARGET = 10.3;
				MTL_ENABLE_DEBUG_INFO = NO;
				MTL_FAST_MATH = YES;
				SDKROOT = iphoneos;
				SWIFT_COMPILATION_MODE = wholemodule;
				SWIFT_OPTIMIZATION_LEVEL = "-O";
				VALIDATE_PRODUCT = YES;
			};
			name = Release;
		};
		0EFF07DC243B08E00026397D /* Debug */ = {
			isa = XCBuildConfiguration;
			baseConfigurationReference = F30867A279271A73C1B60C75 /* Pods-QuanLyVatTu.debug.xcconfig */;
			buildSettings = {
				ASSETCATALOG_COMPILER_APPICON_NAME = AppIcon;
				CODE_SIGN_STYLE = Automatic;
				DEVELOPMENT_TEAM = 6L29BNU6HW;
				INFOPLIST_FILE = QuanLyVatTu/Info.plist;
				IPHONEOS_DEPLOYMENT_TARGET = 10.3;
				LD_RUNPATH_SEARCH_PATHS = (
					"$(inherited)",
					"@executable_path/Frameworks",
				);
				PRODUCT_BUNDLE_IDENTIFIER = com.lixco.QuanLyVatTu;
				PRODUCT_NAME = "$(TARGET_NAME)";
				SWIFT_VERSION = 5.0;
				TARGETED_DEVICE_FAMILY = "1,2";
			};
			name = Debug;
		};
		0EFF07DD243B08E00026397D /* Release */ = {
			isa = XCBuildConfiguration;
			baseConfigurationReference = 07C22A4C0586ED7977720E2F /* Pods-QuanLyVatTu.release.xcconfig */;
			buildSettings = {
				ASSETCATALOG_COMPILER_APPICON_NAME = AppIcon;
				CODE_SIGN_STYLE = Automatic;
				DEVELOPMENT_TEAM = 6L29BNU6HW;
				INFOPLIST_FILE = QuanLyVatTu/Info.plist;
				IPHONEOS_DEPLOYMENT_TARGET = 10.3;
				LD_RUNPATH_SEARCH_PATHS = (
					"$(inherited)",
					"@executable_path/Frameworks",
				);
				PRODUCT_BUNDLE_IDENTIFIER = com.lixco.QuanLyVatTu;
				PRODUCT_NAME = "$(TARGET_NAME)";
				SWIFT_VERSION = 5.0;
				TARGETED_DEVICE_FAMILY = "1,2";
			};
			name = Release;
		};
/* End XCBuildConfiguration section */

/* Begin XCConfigurationList section */
		0EFF07C2243B08DF0026397D /* Build configuration list for PBXProject "QuanLyVatTu" */ = {
			isa = XCConfigurationList;
			buildConfigurations = (
				0EFF07D9243B08E00026397D /* Debug */,
				0EFF07DA243B08E00026397D /* Release */,
			);
			defaultConfigurationIsVisible = 0;
			defaultConfigurationName = Release;
		};
		0EFF07DB243B08E00026397D /* Build configuration list for PBXNativeTarget "QuanLyVatTu" */ = {
			isa = XCConfigurationList;
			buildConfigurations = (
				0EFF07DC243B08E00026397D /* Debug */,
				0EFF07DD243B08E00026397D /* Release */,
			);
			defaultConfigurationIsVisible = 0;
			defaultConfigurationName = Release;
		};
/* End XCConfigurationList section */
	};
	rootObject = 0EFF07BF243B08DF0026397D /* Project object */;
}
